
Microsoft Visual Studio Solution File, Format Version 12.00
# Visual Studio Version 17
VisualStudioVersion = 17.10.34916.146
MinimumVisualStudioVersion = 10.0.40219.1
Project("{FAE04EC0-301F-11D3-BF4B-00C04F79EFBC}") = "EmployeeAdminPortal", "EmployeeAdminPortal\EmployeeAdminPortal.csproj", "{F6710E26-EEA1-4AC7-BA06-F4F042CFEE8F}"
EndProject
Global
	GlobalSection(SolutionConfigurationPlatforms) = preSolution
		Debug|Any CPU = Debug|Any CPU
		Release|Any CPU = Release|Any CPU
	EndGlobalSection
	GlobalSection(ProjectConfigurationPlatforms) = postSolution
		{F6710E26-EEA1-4AC7-BA06-F4F042CFEE8F}.Debug|Any CPU.ActiveCfg = Debug|Any CPU
		{F6710E26-EEA1-4AC7-BA06-F4F042CFEE8F}.Debug|Any CPU.Build.0 = Debug|Any CPU
		{F6710E26-EEA1-4AC7-BA06-F4F042CFEE8F}.Release|Any CPU.ActiveCfg = Release|Any CPU
		{F6710E26-EEA1-4AC7-BA06-F4F042CFEE8F}.Release|Any CPU.Build.0 = Release|Any CPU
	EndGlobalSection
	GlobalSection(SolutionProperties) = preSolution
		HideSolutionNode = FALSE
	EndGlobalSection
	GlobalSection(ExtensibilityGlobals) = postSolution
		SolutionGuid = {92F14127-2596-460C-B802-66F1A31A9AC4}
	EndGlobalSection
EndGlobal
